{
  "name": "serveur_render",
  "lockfileVersion": 3,
  "requires": true,
  "packages": {
    "": {
      "dependencies": {
        "ip": "^2.0.1",
        "ws": "^8.18.1"
      }
    },
    "node_modules/ip": {
      "version": "2.0.1",
      "resolved": "https://registry.npmjs.org/ip/-/ip-2.0.1.tgz",
      "integrity": "sha512-lJUL9imLTNi1ZfXT+DU6rBBdbiKGBuay9B6xGSPVjUeQwaH1RIGqef8RZkUtHioLmSNpPR5M4HVKJGm1j8FWVQ==",
      "license": "MIT"
    },
    "node_modules/ws": {
      "version": "8.18.1",
      "resolved": "https://registry.npmjs.org/ws/-/ws-8.18.1.tgz",
      "integrity": "sha512-RKW2aJZMXeMxVpnZ6bck+RswznaxmzdULiBr6KY7XkTnW8uvt0iT9H5DkHUChXrc+uurzwa0rVI16n/Xzjdz1w==",
      "license": "MIT",
      "engines": {
        "node": ">=10.0.0"
      },
      "peerDependencies": {
        "bufferutil": "^4.0.1",
        "utf-8-validate": ">=5.0.2"
      },
      "peerDependenciesMeta": {
        "bufferutil": {
          "optional": true
        },
        "utf-8-validate": {
          "optional": true
        }
      }
    }
  }
}
